DEPENDENCIES
  apt
  consul
    git: git://github.com/johnbellone/consul-cookbook.git
    revision: df4891d56b8252fad50056eb29cdabfe15c68493
  consul-cluster
    git: git://github.com/adamkrone/chef-consul-cluster.git
    revision: 6628ea21c0fd97c0bb0cb0e2d8994e417c9e06de
  consul-services
    git: git://github.com/adamkrone/chef-consul-services.git
    revision: 41bee3919531e88a391268d74cf780543d810430
  consul-watches
    git: git://github.com/adamkrone/chef-consul-watches.git
    revision: 746f856c0c138c6702e672ed776bd53bcc3877a7
  vagrant-consul-cluster
    path: cookbooks/vagrant-consul-cluster

GRAPH
  7-zip (1.0.2)
    windows (>= 1.2.2)
  apt (2.6.1)
  ark (0.9.0)
    7-zip (>= 0.0.0)
    windows (>= 0.0.0)
  build-essential (2.1.3)
  chef_handler (1.1.6)
  consul (0.6.0)
    ark (>= 0.0.0)
    golang (~> 1.4.0)
    runit (>= 0.0.0)
    yum-repoforge (>= 0.0.0)
  consul-cluster (0.1.0)
    consul (>= 0.0.0)
    consul-services (>= 0.0.0)
  consul-services (0.2.0)
    consul (>= 0.0.0)
    curl (>= 0.0.0)
  consul-watches (0.1.0)
    consul (>= 0.0.0)
  curl (2.0.1)
  golang (1.4.0)
  runit (1.5.14)
    build-essential (>= 0.0.0)
    yum (~> 3.0)
    yum-epel (>= 0.0.0)
  vagrant-consul-cluster (0.1.0)
    apt (>= 0.0.0)
    consul-cluster (>= 0.0.0)
  windows (1.36.1)
    chef_handler (>= 0.0.0)
  yum (3.5.2)
  yum-epel (0.6.0)
    yum (~> 3.0)
  yum-repoforge (0.5.0)
    yum (~> 3.0)
    yum-epel (>= 0.0.0)
